{
  "name": "webscraper",
  "lockfileVersion": 2,
  "requires": true,
  "packages": {
    "": {
      "name": "webscraper",
      "dependencies": {
        "figlet": "^1.6.0",
        "fuse.js": "^6.6.2",
        "node-cron": "^3.0.2"
      },
      "devDependencies": {
        "@types/figlet": "^1.5.6",
        "@types/node-cron": "^3.0.7",
        "bun-types": "^0.5.0"
      }
    },
    "node_modules/@types/figlet": {
      "version": "1.5.6",
      "dev": true,
      "license": "MIT"
    },
    "node_modules/@types/node-cron": {
      "version": "3.0.7",
      "resolved": "https://registry.npmjs.org/@types/node-cron/-/node-cron-3.0.7.tgz",
      "integrity": "sha512-9PuLtBboc/+JJ7FshmJWv769gDonTpItN0Ol5TMwclpSQNjVyB2SRxSKBcTtbSysSL5R7Oea06kTTFNciCoYwA==",
      "dev": true
    },
    "node_modules/bun-types": {
      "version": "0.5.8",
      "dev": true
    },
    "node_modules/figlet": {
      "version": "1.6.0",
      "license": "MIT",
      "bin": {
        "figlet": "bin/index.js"
      },
      "engines": {
        "node": ">= 0.4.0"
      }
    },
    "node_modules/fuse.js": {
      "version": "6.6.2",
      "license": "Apache-2.0",
      "engines": {
        "node": ">=10"
      }
    },
    "node_modules/node-cron": {
      "version": "3.0.2",
      "license": "ISC",
      "dependencies": {
        "uuid": "8.3.2"
      },
      "engines": {
        "node": ">=6.0.0"
      }
    },
    "node_modules/uuid": {
      "version": "8.3.2",
      "license": "MIT",
      "bin": {
        "uuid": "dist/bin/uuid"
      }
    }
  },
  "dependencies": {
    "@types/figlet": {
      "version": "1.5.6",
      "dev": true
    },
    "@types/node-cron": {
      "version": "3.0.7",
      "resolved": "https://registry.npmjs.org/@types/node-cron/-/node-cron-3.0.7.tgz",
      "integrity": "sha512-9PuLtBboc/+JJ7FshmJWv769gDonTpItN0Ol5TMwclpSQNjVyB2SRxSKBcTtbSysSL5R7Oea06kTTFNciCoYwA==",
      "dev": true
    },
    "bun-types": {
      "version": "0.5.8",
      "dev": true
    },
    "figlet": {
      "version": "1.6.0"
    },
    "fuse.js": {
      "version": "6.6.2"
    },
    "node-cron": {
      "version": "3.0.2",
      "requires": {
        "uuid": "8.3.2"
      }
    },
    "uuid": {
      "version": "8.3.2"
    }
  }
}
